// !$*UTF8*$!
{
	archiveVersion = 1;
	classes = {
	};
	objectVersion = 56;
	objects = {

/* Begin PBXBuildFile section */
		91926222481EE8852553FB69 /* Pods_BragiMovie.framework in Frameworks */ = {isa = PBXBuildFile; fileRef = 13CD41C188AC23BDBBB2B2E6 /* Pods_BragiMovie.framework */; };
		9291BE472AA62A3A0041BA6E /* ShowsPageViewModel.swift in Sources */ = {isa = PBXBuildFile; fileRef = 9291BE462AA62A3A0041BA6E /* ShowsPageViewModel.swift */; };
		9291BE492AA62A450041BA6E /* MoviePageViewModel.swift in Sources */ = {isa = PBXBuildFile; fileRef = 9291BE482AA62A450041BA6E /* MoviePageViewModel.swift */; };
		92FE922F2AA60B1F00DBC185 /* AppDelegate.swift in Sources */ = {isa = PBXBuildFile; fileRef = 92FE922E2AA60B1F00DBC185 /* AppDelegate.swift */; };
		92FE92312AA60B1F00DBC185 /* SceneDelegate.swift in Sources */ = {isa = PBXBuildFile; fileRef = 92FE92302AA60B1F00DBC185 /* SceneDelegate.swift */; };
		92FE92332AA60B1F00DBC185 /* ViewController.swift in Sources */ = {isa = PBXBuildFile; fileRef = 92FE92322AA60B1F00DBC185 /* ViewController.swift */; };
		92FE92362AA60B1F00DBC185 /* MainTabBar.storyboard in Resources */ = {isa = PBXBuildFile; fileRef = 92FE92342AA60B1F00DBC185 /* MainTabBar.storyboard */; };
		92FE92382AA60B2000DBC185 /* Assets.xcassets in Resources */ = {isa = PBXBuildFile; fileRef = 92FE92372AA60B2000DBC185 /* Assets.xcassets */; };
		92FE923B2AA60B2000DBC185 /* LaunchScreen.storyboard in Resources */ = {isa = PBXBuildFile; fileRef = 92FE92392AA60B2000DBC185 /* LaunchScreen.storyboard */; };
		92FE92472AA6192C00DBC185 /* MainTabBarController.swift in Sources */ = {isa = PBXBuildFile; fileRef = 92FE92462AA6192C00DBC185 /* MainTabBarController.swift */; };
		92FE924A2AA6235800DBC185 /* Movies.storyboard in Resources */ = {isa = PBXBuildFile; fileRef = 92FE92492AA6235800DBC185 /* Movies.storyboard */; };
		92FE924C2AA623BC00DBC185 /* MoviesPageVC.swift in Sources */ = {isa = PBXBuildFile; fileRef = 92FE924B2AA623BC00DBC185 /* MoviesPageVC.swift */; };
		92FE924F2AA624D700DBC185 /* Shows.storyboard in Resources */ = {isa = PBXBuildFile; fileRef = 92FE924E2AA624D700DBC185 /* Shows.storyboard */; };
		92FE92512AA6250D00DBC185 /* ShowsPageVC.swift in Sources */ = {isa = PBXBuildFile; fileRef = 92FE92502AA6250D00DBC185 /* ShowsPageVC.swift */; };
/* End PBXBuildFile section */

/* Begin PBXFileReference section */
		13CD41C188AC23BDBBB2B2E6 /* Pods_BragiMovie.framework */ = {isa = PBXFileReference; explicitFileType = wrapper.framework; includeInIndex = 0; path = Pods_BragiMovie.framework; sourceTree = BUILT_PRODUCTS_DIR; };
		9291BE462AA62A3A0041BA6E /* ShowsPageViewModel.swift */ = {isa = PBXFileReference; lastKnownFileType = sourcecode.swift; path = ShowsPageViewModel.swift; sourceTree = "<group>"; };
		9291BE482AA62A450041BA6E /* MoviePageViewModel.swift */ = {isa = PBXFileReference; lastKnownFileType = sourcecode.swift; path = MoviePageViewModel.swift; sourceTree = "<group>"; };
		92FE922B2AA60B1F00DBC185 /* BragiMovie.app */ = {isa = PBXFileReference; explicitFileType = wrapper.application; includeInIndex = 0; path = BragiMovie.app; sourceTree = BUILT_PRODUCTS_DIR; };
		92FE922E2AA60B1F00DBC185 /* AppDelegate.swift */ = {isa = PBXFileReference; lastKnownFileType = sourcecode.swift; path = AppDelegate.swift; sourceTree = "<group>"; };
		92FE92302AA60B1F00DBC185 /* SceneDelegate.swift */ = {isa = PBXFileReference; lastKnownFileType = sourcecode.swift; path = SceneDelegate.swift; sourceTree = "<group>"; };
		92FE92322AA60B1F00DBC185 /* ViewController.swift */ = {isa = PBXFileReference; lastKnownFileType = sourcecode.swift; path = ViewController.swift; sourceTree = "<group>"; };
		92FE92352AA60B1F00DBC185 /* Base */ = {isa = PBXFileReference; lastKnownFileType = file.storyboard; name = Base; path = Base.lproj/MainTabBar.storyboard; sourceTree = "<group>"; };
		92FE92372AA60B2000DBC185 /* Assets.xcassets */ = {isa = PBXFileReference; lastKnownFileType = folder.assetcatalog; path = Assets.xcassets; sourceTree = "<group>"; };
		92FE923A2AA60B2000DBC185 /* Base */ = {isa = PBXFileReference; lastKnownFileType = file.storyboard; name = Base; path = Base.lproj/LaunchScreen.storyboard; sourceTree = "<group>"; };
		92FE923C2AA60B2000DBC185 /* Info.plist */ = {isa = PBXFileReference; lastKnownFileType = text.plist.xml; path = Info.plist; sourceTree = "<group>"; };
		92FE92462AA6192C00DBC185 /* MainTabBarController.swift */ = {isa = PBXFileReference; lastKnownFileType = sourcecode.swift; path = MainTabBarController.swift; sourceTree = "<group>"; };
		92FE92492AA6235800DBC185 /* Movies.storyboard */ = {isa = PBXFileReference; lastKnownFileType = file.storyboard; path = Movies.storyboard; sourceTree = "<group>"; };
		92FE924B2AA623BC00DBC185 /* MoviesPageVC.swift */ = {isa = PBXFileReference; lastKnownFileType = sourcecode.swift; path = MoviesPageVC.swift; sourceTree = "<group>"; };
		92FE924E2AA624D700DBC185 /* Shows.storyboard */ = {isa = PBXFileReference; lastKnownFileType = file.storyboard; path = Shows.storyboard; sourceTree = "<group>"; };
		92FE92502AA6250D00DBC185 /* ShowsPageVC.swift */ = {isa = PBXFileReference; lastKnownFileType = sourcecode.swift; path = ShowsPageVC.swift; sourceTree = "<group>"; };
		B1F13721C71630EDC7D83097 /* Pods-BragiMovie.debug.xcconfig */ = {isa = PBXFileReference; includeInIndex = 1; lastKnownFileType = text.xcconfig; name = "Pods-BragiMovie.debug.xcconfig"; path = "Target Support Files/Pods-BragiMovie/Pods-BragiMovie.debug.xcconfig"; sourceTree = "<group>"; };
		EF45701218CE850FE98A4B15 /* Pods-BragiMovie.release.xcconfig */ = {isa = PBXFileReference; includeInIndex = 1; lastKnownFileType = text.xcconfig; name = "Pods-BragiMovie.release.xcconfig"; path = "Target Support Files/Pods-BragiMovie/Pods-BragiMovie.release.xcconfig"; sourceTree = "<group>"; };
/* End PBXFileReference section */

/* Begin PBXFrameworksBuildPhase section */
		92FE92282AA60B1E00DBC185 /* Frameworks */ = {
			isa = PBXFrameworksBuildPhase;
			buildActionMask = 2147483647;
			files = (
				91926222481EE8852553FB69 /* Pods_BragiMovie.framework in Frameworks */,
			);
			runOnlyForDeploymentPostprocessing = 0;
		};
/* End PBXFrameworksBuildPhase section */

/* Begin PBXGroup section */
		2526523DCF61D401D559D345 /* Frameworks */ = {
			isa = PBXGroup;
			children = (
				13CD41C188AC23BDBBB2B2E6 /* Pods_BragiMovie.framework */,
			);
			name = Frameworks;
			sourceTree = "<group>";
		};
		7AD7FF3E7CE9DB26CD29B2BA /* Pods */ = {
			isa = PBXGroup;
			children = (
				B1F13721C71630EDC7D83097 /* Pods-BragiMovie.debug.xcconfig */,
				EF45701218CE850FE98A4B15 /* Pods-BragiMovie.release.xcconfig */,
			);
			path = Pods;
			sourceTree = "<group>";
		};
		92FE92222AA60B1E00DBC185 = {
			isa = PBXGroup;
			children = (
				92FE922D2AA60B1F00DBC185 /* BragiMovie */,
				92FE922C2AA60B1F00DBC185 /* Products */,
				7AD7FF3E7CE9DB26CD29B2BA /* Pods */,
				2526523DCF61D401D559D345 /* Frameworks */,
			);
			sourceTree = "<group>";
		};
		92FE922C2AA60B1F00DBC185 /* Products */ = {
			isa = PBXGroup;
			children = (
				92FE922B2AA60B1F00DBC185 /* BragiMovie.app */,
			);
			name = Products;
			sourceTree = "<group>";
		};
		92FE922D2AA60B1F00DBC185 /* BragiMovie */ = {
			isa = PBXGroup;
			children = (
				92FE92442AA60FDC00DBC185 /* Other */,
				92FE92452AA6171A00DBC185 /* View */,
				92FE92432AA60FC200DBC185 /* Resources */,
				92FE923C2AA60B2000DBC185 /* Info.plist */,
			);
			path = BragiMovie;
			sourceTree = "<group>";
		};
		92FE92432AA60FC200DBC185 /* Resources */ = {
			isa = PBXGroup;
			children = (
				92FE92372AA60B2000DBC185 /* Assets.xcassets */,
				92FE92392AA60B2000DBC185 /* LaunchScreen.storyboard */,
			);
			path = Resources;
			sourceTree = "<group>";
		};
		92FE92442AA60FDC00DBC185 /* Other */ = {
			isa = PBXGroup;
			children = (
				92FE922E2AA60B1F00DBC185 /* AppDelegate.swift */,
				92FE92302AA60B1F00DBC185 /* SceneDelegate.swift */,
			);
			path = Other;
			sourceTree = "<group>";
		};
		92FE92452AA6171A00DBC185 /* View */ = {
			isa = PBXGroup;
			children = (
				92FE924D2AA624BE00DBC185 /* Shows */,
				92FE92482AA6232B00DBC185 /* Movies */,
				92FE92322AA60B1F00DBC185 /* ViewController.swift */,
				92FE92342AA60B1F00DBC185 /* MainTabBar.storyboard */,
				92FE92462AA6192C00DBC185 /* MainTabBarController.swift */,
			);
			path = View;
			sourceTree = "<group>";
		};
		92FE92482AA6232B00DBC185 /* Movies */ = {
			isa = PBXGroup;
			children = (
				92FE92492AA6235800DBC185 /* Movies.storyboard */,
				92FE924B2AA623BC00DBC185 /* MoviesPageVC.swift */,
				9291BE482AA62A450041BA6E /* MoviePageViewModel.swift */,
			);
			path = Movies;
			sourceTree = "<group>";
		};
		92FE924D2AA624BE00DBC185 /* Shows */ = {
			isa = PBXGroup;
			children = (
				92FE924E2AA624D700DBC185 /* Shows.storyboard */,
				92FE92502AA6250D00DBC185 /* ShowsPageVC.swift */,
				9291BE462AA62A3A0041BA6E /* ShowsPageViewModel.swift */,
			);
			path = Shows;
			sourceTree = "<group>";
		};
/* End PBXGroup section */

/* Begin PBXNativeTarget section */
		92FE922A2AA60B1E00DBC185 /* BragiMovie */ = {
			isa = PBXNativeTarget;
			buildConfigurationList = 92FE923F2AA60B2000DBC185 /* Build configuration list for PBXNativeTarget "BragiMovie" */;
			buildPhases = (
				6CCDCD2F4132AA4D7DD7B2D8 /* [CP] Check Pods Manifest.lock */,
				92FE92272AA60B1E00DBC185 /* Sources */,
				92FE92282AA60B1E00DBC185 /* Frameworks */,
				92FE92292AA60B1E00DBC185 /* Resources */,
			);
			buildRules = (
			);
			dependencies = (
			);
			name = BragiMovie;
			productName = BragiMovie;
			productReference = 92FE922B2AA60B1F00DBC185 /* BragiMovie.app */;
			productType = "com.apple.product-type.application";
		};
/* End PBXNativeTarget section */

/* Begin PBXProject section */
		92FE92232AA60B1E00DBC185 /* Project object */ = {
			isa = PBXProject;
			attributes = {
				BuildIndependentTargetsInParallel = 1;
				LastSwiftUpdateCheck = 1430;
				LastUpgradeCheck = 1430;
				TargetAttributes = {
					92FE922A2AA60B1E00DBC185 = {
						CreatedOnToolsVersion = 14.3.1;
					};
				};
			};
			buildConfigurationList = 92FE92262AA60B1E00DBC185 /* Build configuration list for PBXProject "BragiMovie" */;
			compatibilityVersion = "Xcode 14.0";
			developmentRegion = en;
			hasScannedForEncodings = 0;
			knownRegions = (
				en,
				Base,
			);
			mainGroup = 92FE92222AA60B1E00DBC185;
			productRefGroup = 92FE922C2AA60B1F00DBC185 /* Products */;
			projectDirPath = "";
			projectRoot = "";
			targets = (
				92FE922A2AA60B1E00DBC185 /* BragiMovie */,
			);
		};
/* End PBXProject section */

/* Begin PBXResourcesBuildPhase section */
		92FE92292AA60B1E00DBC185 /* Resources */ = {
			isa = PBXResourcesBuildPhase;
			buildActionMask = 2147483647;
			files = (
				92FE923B2AA60B2000DBC185 /* LaunchScreen.storyboard in Resources */,
				92FE92382AA60B2000DBC185 /* Assets.xcassets in Resources */,
				92FE924F2AA624D700DBC185 /* Shows.storyboard in Resources */,
				92FE92362AA60B1F00DBC185 /* MainTabBar.storyboard in Resources */,
				92FE924A2AA6235800DBC185 /* Movies.storyboard in Resources */,
			);
			runOnlyForDeploymentPostprocessing = 0;
		};
/* End PBXResourcesBuildPhase section */

/* Begin PBXShellScriptBuildPhase section */
		6CCDCD2F4132AA4D7DD7B2D8 /* [CP] Check Pods Manifest.lock */ = {
			isa = PBXShellScriptBuildPhase;
			buildActionMask = 2147483647;
			files = (
			);
			inputFileListPaths = (
			);
			inputPaths = (
				"${PODS_PODFILE_DIR_PATH}/Podfile.lock",
				"${PODS_ROOT}/Manifest.lock",
			);
			name = "[CP] Check Pods Manifest.lock";
			outputFileListPaths = (
			);
			outputPaths = (
				"$(DERIVED_FILE_DIR)/Pods-BragiMovie-checkManifestLockResult.txt",
			);
			runOnlyForDeploymentPostprocessing = 0;
			shellPath = /bin/sh;
			shellScript = "diff \"${PODS_PODFILE_DIR_PATH}/Podfile.lock\" \"${PODS_ROOT}/Manifest.lock\" > /dev/null\nif [ $? != 0 ] ; then\n    # print error to STDERR\n    echo \"error: The sandbox is not in sync with the Podfile.lock. Run 'pod install' or update your CocoaPods installation.\" >&2\n    exit 1\nfi\n# This output is used by Xcode 'outputs' to avoid re-running this script phase.\necho \"SUCCESS\" > \"${SCRIPT_OUTPUT_FILE_0}\"\n";
			showEnvVarsInLog = 0;
		};
/* End PBXShellScriptBuildPhase section */

/* Begin PBXSourcesBuildPhase section */
		92FE92272AA60B1E00DBC185 /* Sources */ = {
			isa = PBXSourcesBuildPhase;
			buildActionMask = 2147483647;
			files = (
				9291BE472AA62A3A0041BA6E /* ShowsPageViewModel.swift in Sources */,
				92FE92332AA60B1F00DBC185 /* ViewController.swift in Sources */,
				92FE922F2AA60B1F00DBC185 /* AppDelegate.swift in Sources */,
				92FE924C2AA623BC00DBC185 /* MoviesPageVC.swift in Sources */,
				9291BE492AA62A450041BA6E /* MoviePageViewModel.swift in Sources */,
				92FE92472AA6192C00DBC185 /* MainTabBarController.swift in Sources */,
				92FE92512AA6250D00DBC185 /* ShowsPageVC.swift in Sources */,
				92FE92312AA60B1F00DBC185 /* SceneDelegate.swift in Sources */,
			);
			runOnlyForDeploymentPostprocessing = 0;
		};
/* End PBXSourcesBuildPhase section */

/* Begin PBXVariantGroup section */
		92FE92342AA60B1F00DBC185 /* MainTabBar.storyboard */ = {
			isa = PBXVariantGroup;
			children = (
				92FE92352AA60B1F00DBC185 /* Base */,
			);
			name = MainTabBar.storyboard;
			sourceTree = "<group>";
		};
		92FE92392AA60B2000DBC185 /* LaunchScreen.storyboard */ = {
			isa = PBXVariantGroup;
			children = (
				92FE923A2AA60B2000DBC185 /* Base */,
			);
			name = LaunchScreen.storyboard;
			sourceTree = "<group>";
		};
/* End PBXVariantGroup section */

/* Begin XCBuildConfiguration section */
		92FE923D2AA60B2000DBC185 /* Debug */ = {
			isa = XCBuildConfiguration;
			buildSettings = {
				ALWAYS_SEARCH_USER_PATHS = NO;
				CLANG_ANALYZER_NONNULL = YES;
				CLANG_ANALYZER_NUMBER_OBJECT_CONVERSION = YES_AGGRESSIVE;
				CLANG_CXX_LANGUAGE_STANDARD = "gnu++20";
				CLANG_ENABLE_MODULES = YES;
				CLANG_ENABLE_OBJC_ARC = YES;
				CLANG_ENABLE_OBJC_WEAK = YES;
				CLANG_WARN_BLOCK_CAPTURE_AUTORELEASING = YES;
				CLANG_WARN_BOOL_CONVERSION = YES;
				CLANG_WARN_COMMA = YES;
				CLANG_WARN_CONSTANT_CONVERSION = YES;
				CLANG_WARN_DEPRECATED_OBJC_IMPLEMENTATIONS = YES;
				CLANG_WARN_DIRECT_OBJC_ISA_USAGE = YES_ERROR;
				CLANG_WARN_DOCUMENTATION_COMMENTS = YES;
				CLANG_WARN_EMPTY_BODY = YES;
				CLANG_WARN_ENUM_CONVERSION = YES;
				CLANG_WARN_INFINITE_RECURSION = YES;
				CLANG_WARN_INT_CONVERSION = YES;
				CLANG_WARN_NON_LITERAL_NULL_CONVERSION = YES;
				CLANG_WARN_OBJC_IMPLICIT_RETAIN_SELF = YES;
				CLANG_WARN_OBJC_LITERAL_CONVERSION = YES;
				CLANG_WARN_OBJC_ROOT_CLASS = YES_ERROR;
				CLANG_WARN_QUOTED_INCLUDE_IN_FRAMEWORK_HEADER = YES;
				CLANG_WARN_RANGE_LOOP_ANALYSIS = YES;
				CLANG_WARN_STRICT_PROTOTYPES = YES;
				CLANG_WARN_SUSPICIOUS_MOVE = YES;
				CLANG_WARN_UNGUARDED_AVAILABILITY = YES_AGGRESSIVE;
				CLANG_WARN_UNREACHABLE_CODE = YES;
				CLANG_WARN__DUPLICATE_METHOD_MATCH = YES;
				COPY_PHASE_STRIP = NO;
				DEBUG_INFORMATION_FORMAT = dwarf;
				ENABLE_STRICT_OBJC_MSGSEND = YES;
				ENABLE_TESTABILITY = YES;
				GCC_C_LANGUAGE_STANDARD = gnu11;
				GCC_DYNAMIC_NO_PIC = NO;
				GCC_NO_COMMON_BLOCKS = YES;
				GCC_OPTIMIZATION_LEVEL = 0;
				GCC_PREPROCESSOR_DEFINITIONS = (
					"DEBUG=1",
					"$(inherited)",
				);
				GCC_WARN_64_TO_32_BIT_CONVERSION = YES;
				GCC_WARN_ABOUT_RETURN_TYPE = YES_ERROR;
				GCC_WARN_UNDECLARED_SELECTOR = YES;
				GCC_WARN_UNINITIALIZED_AUTOS = YES_AGGRESSIVE;
				GCC_WARN_UNUSED_FUNCTION = YES;
				GCC_WARN_UNUSED_VARIABLE = YES;
				IPHONEOS_DEPLOYMENT_TARGET = 16.4;
				MTL_ENABLE_DEBUG_INFO = INCLUDE_SOURCE;
				MTL_FAST_MATH = YES;
				ONLY_ACTIVE_ARCH = YES;
				SDKROOT = iphoneos;
				SWIFT_ACTIVE_COMPILATION_CONDITIONS = DEBUG;
				SWIFT_OPTIMIZATION_LEVEL = "-Onone";
			};
			name = Debug;
		};
		92FE923E2AA60B2000DBC185 /* Release */ = {
			isa = XCBuildConfiguration;
			buildSettings = {
				ALWAYS_SEARCH_USER_PATHS = NO;
				CLANG_ANALYZER_NONNULL = YES;
				CLANG_ANALYZER_NUMBER_OBJECT_CONVERSION = YES_AGGRESSIVE;
				CLANG_CXX_LANGUAGE_STANDARD = "gnu++20";
				CLANG_ENABLE_MODULES = YES;
				CLANG_ENABLE_OBJC_ARC = YES;
				CLANG_ENABLE_OBJC_WEAK = YES;
				CLANG_WARN_BLOCK_CAPTURE_AUTORELEASING = YES;
				CLANG_WARN_BOOL_CONVERSION = YES;
				CLANG_WARN_COMMA = YES;
				CLANG_WARN_CONSTANT_CONVERSION = YES;
				CLANG_WARN_DEPRECATED_OBJC_IMPLEMENTATIONS = YES;
				CLANG_WARN_DIRECT_OBJC_ISA_USAGE = YES_ERROR;
				CLANG_WARN_DOCUMENTATION_COMMENTS = YES;
				CLANG_WARN_EMPTY_BODY = YES;
				CLANG_WARN_ENUM_CONVERSION = YES;
				CLANG_WARN_INFINITE_RECURSION = YES;
				CLANG_WARN_INT_CONVERSION = YES;
				CLANG_WARN_NON_LITERAL_NULL_CONVERSION = YES;
				CLANG_WARN_OBJC_IMPLICIT_RETAIN_SELF = YES;
				CLANG_WARN_OBJC_LITERAL_CONVERSION = YES;
				CLANG_WARN_OBJC_ROOT_CLASS = YES_ERROR;
				CLANG_WARN_QUOTED_INCLUDE_IN_FRAMEWORK_HEADER = YES;
				CLANG_WARN_RANGE_LOOP_ANALYSIS = YES;
				CLANG_WARN_STRICT_PROTOTYPES = YES;
				CLANG_WARN_SUSPICIOUS_MOVE = YES;
				CLANG_WARN_UNGUARDED_AVAILABILITY = YES_AGGRESSIVE;
				CLANG_WARN_UNREACHABLE_CODE = YES;
				CLANG_WARN__DUPLICATE_METHOD_MATCH = YES;
				COPY_PHASE_STRIP = NO;
				DEBUG_INFORMATION_FORMAT = "dwarf-with-dsym";
				ENABLE_NS_ASSERTIONS = NO;
				ENABLE_STRICT_OBJC_MSGSEND = YES;
				GCC_C_LANGUAGE_STANDARD = gnu11;
				GCC_NO_COMMON_BLOCKS = YES;
				GCC_WARN_64_TO_32_BIT_CONVERSION = YES;
				GCC_WARN_ABOUT_RETURN_TYPE = YES_ERROR;
				GCC_WARN_UNDECLARED_SELECTOR = YES;
				GCC_WARN_UNINITIALIZED_AUTOS = YES_AGGRESSIVE;
				GCC_WARN_UNUSED_FUNCTION = YES;
				GCC_WARN_UNUSED_VARIABLE = YES;
				IPHONEOS_DEPLOYMENT_TARGET = 16.4;
				MTL_ENABLE_DEBUG_INFO = NO;
				MTL_FAST_MATH = YES;
				SDKROOT = iphoneos;
				SWIFT_COMPILATION_MODE = wholemodule;
				SWIFT_OPTIMIZATION_LEVEL = "-O";
				VALIDATE_PRODUCT = YES;
			};
			name = Release;
		};
		92FE92402AA60B2000DBC185 /* Debug */ = {
			isa = XCBuildConfiguration;
			baseConfigurationReference = B1F13721C71630EDC7D83097 /* Pods-BragiMovie.debug.xcconfig */;
			buildSettings = {
				ASSETCATALOG_COMPILER_APPICON_NAME = AppIcon;
				ASSETCATALOG_COMPILER_GLOBAL_ACCENT_COLOR_NAME = AccentColor;
				CODE_SIGN_STYLE = Automatic;
				CURRENT_PROJECT_VERSION = 1;
				DEVELOPMENT_TEAM = NTK42KH9H3;
				GENERATE_INFOPLIST_FILE = YES;
				INFOPLIST_FILE = BragiMovie/Info.plist;
				INFOPLIST_KEY_UIApplicationSupportsIndirectInputEvents = YES;
				INFOPLIST_KEY_UILaunchStoryboardName = LaunchScreen.storyboard;
				INFOPLIST_KEY_UIMainStoryboardFile = LaunchScreen;
				INFOPLIST_KEY_UISupportedInterfaceOrientations_iPad = "UIInterfaceOrientationPortrait UIInterfaceOrientationPortraitUpsideDown UIInterfaceOrientationLandscapeLeft UIInterfaceOrientationLandscapeRight";
				INFOPLIST_KEY_UISupportedInterfaceOrientations_iPhone = "UIInterfaceOrientationPortrait UIInterfaceOrientationLandscapeLeft UIInterfaceOrientationLandscapeRight";
				IPHONEOS_DEPLOYMENT_TARGET = 14.2;
				LD_RUNPATH_SEARCH_PATHS = (
					"$(inherited)",
					"@executable_path/Frameworks",
				);
				MARKETING_VERSION = 1.0;
				PRODUCT_BUNDLE_IDENTIFIER = com.BragiMovie;
				PRODUCT_NAME = "$(TARGET_NAME)";
				SWIFT_EMIT_LOC_STRINGS = YES;
				SWIFT_VERSION = 5.0;
				TARGETED_DEVICE_FAMILY = "1,2";
			};
			name = Debug;
		};
		92FE92412AA60B2000DBC185 /* Release */ = {
			isa = XCBuildConfiguration;
			baseConfigurationReference = EF45701218CE850FE98A4B15 /* Pods-BragiMovie.release.xcconfig */;
			buildSettings = {
				ASSETCATALOG_COMPILER_APPICON_NAME = AppIcon;
				ASSETCATALOG_COMPILER_GLOBAL_ACCENT_COLOR_NAME = AccentColor;
				CODE_SIGN_STYLE = Automatic;
				CURRENT_PROJECT_VERSION = 1;
				DEVELOPMENT_TEAM = NTK42KH9H3;
				GENERATE_INFOPLIST_FILE = YES;
				INFOPLIST_FILE = BragiMovie/Info.plist;
				INFOPLIST_KEY_UIApplicationSupportsIndirectInputEvents = YES;
				INFOPLIST_KEY_UILaunchStoryboardName = LaunchScreen.storyboard;
				INFOPLIST_KEY_UIMainStoryboardFile = LaunchScreen;
				INFOPLIST_KEY_UISupportedInterfaceOrientations_iPad = "UIInterfaceOrientationPortrait UIInterfaceOrientationPortraitUpsideDown UIInterfaceOrientationLandscapeLeft UIInterfaceOrientationLandscapeRight";
				INFOPLIST_KEY_UISupportedInterfaceOrientations_iPhone = "UIInterfaceOrientationPortrait UIInterfaceOrientationLandscapeLeft UIInterfaceOrientationLandscapeRight";
				IPHONEOS_DEPLOYMENT_TARGET = 14.2;
				LD_RUNPATH_SEARCH_PATHS = (
					"$(inherited)",
					"@executable_path/Frameworks",
				);
				MARKETING_VERSION = 1.0;
				PRODUCT_BUNDLE_IDENTIFIER = com.BragiMovie;
				PRODUCT_NAME = "$(TARGET_NAME)";
				SWIFT_EMIT_LOC_STRINGS = YES;
				SWIFT_VERSION = 5.0;
				TARGETED_DEVICE_FAMILY = "1,2";
			};
			name = Release;
		};
/* End XCBuildConfiguration section */

/* Begin XCConfigurationList section */
		92FE92262AA60B1E00DBC185 /* Build configuration list for PBXProject "BragiMovie" */ = {
			isa = XCConfigurationList;
			buildConfigurations = (
				92FE923D2AA60B2000DBC185 /* Debug */,
				92FE923E2AA60B2000DBC185 /* Release */,
			);
			defaultConfigurationIsVisible = 0;
			defaultConfigurationName = Release;
		};
		92FE923F2AA60B2000DBC185 /* Build configuration list for PBXNativeTarget "BragiMovie" */ = {
			isa = XCConfigurationList;
			buildConfigurations = (
				92FE92402AA60B2000DBC185 /* Debug */,
				92FE92412AA60B2000DBC185 /* Release */,
			);
			defaultConfigurationIsVisible = 0;
			defaultConfigurationName = Release;
		};
/* End XCConfigurationList section */
	};
	rootObject = 92FE92232AA60B1E00DBC185 /* Project object */;
}
